{
  "name": "static",
  "lockfileVersion": 3,
  "requires": true,
  "packages": {
    "": {
      "dependencies": {
        "bootstrap": "^5.*",
        "bootstrap-icons": "^1.*",
        "datatables.net": "^1.*",
        "datatables.net-autofill-dt": "^2.5.*",
        "datatables.net-buttons-dt": "^2.3.*",
        "datatables.net-colreorder-dt": "^1.6.*",
        "datatables.net-datetime": "^1.4.*",
        "datatables.net-dt": "^1.*",
        "datatables.net-fixedcolumns-dt": "^4.2.*",
        "datatables.net-fixedheader-dt": "^3.3.*",
        "datatables.net-keytable-dt": "^2.9.*",
        "datatables.net-responsive-dt": "^2.4.*",
        "datatables.net-rowgroup-dt": "^1.3.*",
        "datatables.net-rowreorder-dt": "^1.3.*",
        "datatables.net-scroller-dt": "^2.1.*",
        "datatables.net-searchbuilder-dt": "^1.4.*",
        "datatables.net-searchpanes-dt": "^2.1.*",
        "datatables.net-select-dt": "^1.6.*",
        "datatables.net-staterestore-dt": "^1.2.*",
        "daterangepicker": "^3.*",
        "jquery": "^3.*",
        "jquery-ui": "^1.13.2"
      }
    },
    "node_modules/@popperjs/core": {
      "version": "2.11.7",
      "resolved": "https://registry.npmjs.org/@popperjs/core/-/core-2.11.7.tgz",
      "integrity": "sha512-Cr4OjIkipTtcXKjAsm8agyleBuDHvxzeBoa1v543lbv1YaIwQjESsVcmjiWiPEbC1FIeHOG/Op9kdCmAmiS3Kw==",
      "peer": true,
      "funding": {
        "type": "opencollective",
        "url": "https://opencollective.com/popperjs"
      }
    },
    "node_modules/bootstrap": {
      "version": "5.2.3",
      "resolved": "https://registry.npmjs.org/bootstrap/-/bootstrap-5.2.3.tgz",
      "integrity": "sha512-cEKPM+fwb3cT8NzQZYEu4HilJ3anCrWqh3CHAok1p9jXqMPsPTBhU25fBckEJHJ/p+tTxTFTsFQGM+gaHpi3QQ==",
      "funding": [
        {
          "type": "github",
          "url": "https://github.com/sponsors/twbs"
        },
        {
          "type": "opencollective",
          "url": "https://opencollective.com/bootstrap"
        }
      ],
      "peerDependencies": {
        "@popperjs/core": "^2.11.6"
      }
    },
    "node_modules/bootstrap-icons": {
      "version": "1.10.5",
      "resolved": "https://registry.npmjs.org/bootstrap-icons/-/bootstrap-icons-1.10.5.tgz",
      "integrity": "sha512-oSX26F37V7QV7NCE53PPEL45d7EGXmBgHG3pDpZvcRaKVzWMqIRL9wcqJUyEha1esFtM3NJzvmxFXDxjJYD0jQ==",
      "funding": [
        {
          "type": "github",
          "url": "https://github.com/sponsors/twbs"
        },
        {
          "type": "opencollective",
          "url": "https://opencollective.com/bootstrap"
        }
      ]
    },
    "node_modules/datatables.net": {
      "version": "1.13.4",
      "resolved": "https://registry.npmjs.org/datatables.net/-/datatables.net-1.13.4.tgz",
      "integrity": "sha512-yzhArTOB6tPO2QFKm1z3hA4vabtt2hRvgw8XLsT1xqEirinfGYqWDiWXlkTPTaJv2e7gG+Kf985sXkzBFlGrGQ==",
      "dependencies": {
        "jquery": ">=1.7"
      }
    },
    "node_modules/datatables.net-autofill": {
      "version": "2.5.3",
      "resolved": "https://registry.npmjs.org/datatables.net-autofill/-/datatables.net-autofill-2.5.3.tgz",
      "integrity": "sha512-f7qJw8+/uZl3Og1RKLSAjyWNJR04UcdgpHzeUklUrdnsAn6JBmnc2DU65B0u457ESgbOg7kkv642U0L5/FZ+Tg==",
      "dependencies": {
        "datatables.net": ">=1.12.1",
        "jquery": ">=1.7"
      }
    },
    "node_modules/datatables.net-autofill-dt": {
      "version": "2.5.3",
      "resolved": "https://registry.npmjs.org/datatables.net-autofill-dt/-/datatables.net-autofill-dt-2.5.3.tgz",
      "integrity": "sha512-sJgI0GvBLiV7Gck7u/2WZGVjGxfL+NNuZOBXwtKH7DxlsMLQLRVuU6tpqUFxnhRDzqeppoRcz9mqKVrtwuoqHA==",
      "dependencies": {
        "datatables.net-autofill": ">=2.4.0",
        "datatables.net-dt": ">=1.12.1",
        "jquery": ">=1.7"
      }
    },
    "node_modules/datatables.net-buttons": {
      "version": "2.3.6",
      "resolved": "https://registry.npmjs.org/datatables.net-buttons/-/datatables.net-buttons-2.3.6.tgz",
      "integrity": "sha512-9eid5D2kbTNfGCOiEx5WBHlwfK38W1LMz0AiNZHoSqKAiO0aXGfzrH7L2eY6reHgVMaPvHPAnqeRAjvOul2V/Q==",
      "dependencies": {
        "datatables.net": ">=1.12.1",
        "jquery": ">=1.7"
      }
    },
    "node_modules/datatables.net-buttons-dt": {
      "version": "2.3.6",
      "resolved": "https://registry.npmjs.org/datatables.net-buttons-dt/-/datatables.net-buttons-dt-2.3.6.tgz",
      "integrity": "sha512-SF91mQCPePbjp/Tct2TWlwywaEH/qjdYQf71f7puHBXPre2vvJhy4aJhoyJMfgIOkEzS7Duw6anlBSUC26JqhQ==",
      "dependencies": {
        "datatables.net-buttons": ">=2.2.3",
        "datatables.net-dt": ">=1.12.1",
        "jquery": ">=1.7"
      }
    },
    "node_modules/datatables.net-colreorder": {
      "version": "1.6.2",
      "resolved": "https://registry.npmjs.org/datatables.net-colreorder/-/datatables.net-colreorder-1.6.2.tgz",
      "integrity": "sha512-PrBzZA2mzBsI6NAMbgUykSdmZ3VJsf46chkeBy/1oiyArGc1e1/a5PLyb0HybkbZaFPWxeGxDAEJDVesC7j9pA==",
      "dependencies": {
        "datatables.net": ">=1.12.1",
        "jquery": ">=1.7"
      }
    },
    "node_modules/datatables.net-colreorder-dt": {
      "version": "1.6.2",
      "resolved": "https://registry.npmjs.org/datatables.net-colreorder-dt/-/datatables.net-colreorder-dt-1.6.2.tgz",
      "integrity": "sha512-wZNqFyZI4Ir6GDX1ieBLOCrEegbjhj5ie0JikTVvHyBq4e5P7LHeoV+Q8WWs4jl+JnJgPgz4LGeGaP8cxGCSBg==",
      "dependencies": {
        "datatables.net-colreorder": ">=1.5.6",
        "datatables.net-dt": ">=1.12.1",
        "jquery": ">=1.7"
      }
    },
    "node_modules/datatables.net-datetime": {
      "version": "1.4.1",
      "resolved": "https://registry.npmjs.org/datatables.net-datetime/-/datatables.net-datetime-1.4.1.tgz",
      "integrity": "sha512-/76pAXUx4qHN5612CFRLJDRXxoQarMJdV9Iaxd4IOaMNAgakiTggFeXdjxHzLCzXIeAoQy4/I0kjaN7F/zHBhQ=="
    },
    "node_modules/datatables.net-dt": {
      "version": "1.13.4",
      "resolved": "https://registry.npmjs.org/datatables.net-dt/-/datatables.net-dt-1.13.4.tgz",
      "integrity": "sha512-QAvuEej/qKSiaSmSeDQ36wWO72XzFGKkd0jdiqbp+2FHAAzIk+ffsqQAwylystMoBSiO0zlcdaqHoAPa5Dy7Pg==",
      "dependencies": {
        "datatables.net": ">=1.12.1",
        "jquery": ">=1.7"
      }
    },
    "node_modules/datatables.net-fixedcolumns": {
      "version": "4.2.2",
      "resolved": "https://registry.npmjs.org/datatables.net-fixedcolumns/-/datatables.net-fixedcolumns-4.2.2.tgz",
      "integrity": "sha512-Ml4aaBd3BjT2tho2oWREH1utFGklosckjunQwmvppRv5EwKpDWuGBzRsV1+tpdl+CJsldYRyw55C/lN2avBtew==",
      "dependencies": {
        "datatables.net": ">=1.12.1",
        "jquery": ">=1.7"
      }
    },
    "node_modules/datatables.net-fixedcolumns-dt": {
      "version": "4.2.2",
      "resolved": "https://registry.npmjs.org/datatables.net-fixedcolumns-dt/-/datatables.net-fixedcolumns-dt-4.2.2.tgz",
      "integrity": "sha512-/BJJJ948n/JbKJglRP8eWd+SP/Uj1J6XaHtPS7sR9tEYDkyParuMd1h0svp3sBI9rqF9Xn+lh8L15maSdXKEug==",
      "dependencies": {
        "datatables.net-dt": ">=1.12.1",
        "datatables.net-fixedcolumns": ">=4.1.0",
        "jquery": ">=1.7"
      }
    },
    "node_modules/datatables.net-fixedheader": {
      "version": "3.3.2",
      "resolved": "https://registry.npmjs.org/datatables.net-fixedheader/-/datatables.net-fixedheader-3.3.2.tgz",
      "integrity": "sha512-jhXC3Ce/hj34zZWCLXLtHUcnTqzV3LYq97xdpIBzvIbKTA/dPwVNP+vvrr2vNh6iWkohljuq8Jvf/IR2BmGn5Q==",
      "dependencies": {
        "datatables.net": ">=1.12.1",
        "jquery": ">=1.7"
      }
    },
    "node_modules/datatables.net-fixedheader-dt": {
      "version": "3.3.2",
      "resolved": "https://registry.npmjs.org/datatables.net-fixedheader-dt/-/datatables.net-fixedheader-dt-3.3.2.tgz",
      "integrity": "sha512-PtSBYEu6u/JjRBzedg6hoTCitJ2snxOIRE4ycr4uwMASJpuJy1QiepotXLco1ydI/IBXsaYMgW/qjYCpv50qBw==",
      "dependencies": {
        "datatables.net-dt": ">=1.12.1",
        "datatables.net-fixedheader": ">=3.2.4",
        "jquery": ">=1.7"
      }
    },
    "node_modules/datatables.net-keytable": {
      "version": "2.9.0",
      "resolved": "https://registry.npmjs.org/datatables.net-keytable/-/datatables.net-keytable-2.9.0.tgz",
      "integrity": "sha512-qMJSEonyO6dJR36aKeBGl3P6a2e7A+lon5CZuE4mbNzb4iahcpbd+nlEAyvgeM6oOtFIPDSg3vsR9kb3hQ+f0A==",
      "dependencies": {
        "datatables.net": ">=1.12.1",
        "jquery": ">=1.7"
      }
    },
    "node_modules/datatables.net-keytable-dt": {
      "version": "2.9.0",
      "resolved": "https://registry.npmjs.org/datatables.net-keytable-dt/-/datatables.net-keytable-dt-2.9.0.tgz",
      "integrity": "sha512-DAYA2FFB3BoLPmLCT/fcpgU8hwpdE55NNLVAcVG5oZu2X/tOyVdsLR3f5Zeb8s3+YpkPvqmg9WDyoO9mU9aWaw==",
      "dependencies": {
        "datatables.net-dt": ">=1.12.1",
        "datatables.net-keytable": ">=2.7.0",
        "jquery": ">=1.7"
      }
    },
    "node_modules/datatables.net-responsive": {
      "version": "2.4.1",
      "resolved": "https://registry.npmjs.org/datatables.net-responsive/-/datatables.net-responsive-2.4.1.tgz",
      "integrity": "sha512-6aGZybNb65lRPtd+hPHRyaBgs7D3R2Hw+RQP7he3qH5BTpMH9BG4FxVvyAud0Q4gyopO9I52uf60p2GT++4qOA==",
      "dependencies": {
        "datatables.net": ">=1.12.1",
        "jquery": ">=1.7"
      }
    },
    "node_modules/datatables.net-responsive-dt": {
      "version": "2.4.1",
      "resolved": "https://registry.npmjs.org/datatables.net-responsive-dt/-/datatables.net-responsive-dt-2.4.1.tgz",
      "integrity": "sha512-RukGH2DBFtuQKJgN7GVK6Brhue1zuJRdDVLZiwxhZmSXd2zpr+x6n7tH5vqDfYD75GCy4ZEULcDFnWpRWSyZIA==",
      "dependencies": {
        "datatables.net-dt": ">=1.12.1",
        "datatables.net-responsive": ">=2.3.0",
        "jquery": ">=1.7"
      }
    },
    "node_modules/datatables.net-rowgroup": {
      "version": "1.3.1",
      "resolved": "https://registry.npmjs.org/datatables.net-rowgroup/-/datatables.net-rowgroup-1.3.1.tgz",
      "integrity": "sha512-jMo5kD8SsyLV+tCqIlFVijUKhqHXRddfIN5N9ozU3VHxeDPuwvz0cJdNoUcdp0JJbBzLDh/9tu7yZvgGIf2b+Q==",
      "dependencies": {
        "datatables.net": ">=1.12.1",
        "jquery": ">=1.7"
      }
    },
    "node_modules/datatables.net-rowgroup-dt": {
      "version": "1.3.1",
      "resolved": "https://registry.npmjs.org/datatables.net-rowgroup-dt/-/datatables.net-rowgroup-dt-1.3.1.tgz",
      "integrity": "sha512-9F5EFNbTgg7PJLiuJS5stzJKXiLh2tmI7yeQB3kV3vPJ/e8UkgTECQlHQGEFaKryFtoOdDoED2jZjZd+k1aT6w==",
      "dependencies": {
        "datatables.net-dt": ">=1.12.1",
        "datatables.net-rowgroup": ">=1.2.0",
        "jquery": ">=1.7"
      }
    },
    "node_modules/datatables.net-rowreorder": {
      "version": "1.3.3",
      "resolved": "https://registry.npmjs.org/datatables.net-rowreorder/-/datatables.net-rowreorder-1.3.3.tgz",
      "integrity": "sha512-QzRzYw2NGIP2snlf4tN6BsyvVvngmstj7Uk5KX412IZG3FOyyXCbBaNKl9+zKiVXIZtXJCeeRpOrApoGdwWKXA==",
      "dependencies": {
        "datatables.net": ">=1.12.1",
        "jquery": ">=1.7"
      }
    },
    "node_modules/datatables.net-rowreorder-dt": {
      "version": "1.3.3",
      "resolved": "https://registry.npmjs.org/datatables.net-rowreorder-dt/-/datatables.net-rowreorder-dt-1.3.3.tgz",
      "integrity": "sha512-rPH7y8WhvhCOJIuK0YVnxjdlFYA3eIXhl3GArEEvGOS5LpfxPlP4O7WM99/W2J7P6m07P1lgw/eyE1jLxVxNxQ==",
      "dependencies": {
        "datatables.net-dt": ">=1.12.1",
        "datatables.net-rowreorder": ">=1.2.8",
        "jquery": ">=1.7"
      }
    },
    "node_modules/datatables.net-scroller": {
      "version": "2.1.1",
      "resolved": "https://registry.npmjs.org/datatables.net-scroller/-/datatables.net-scroller-2.1.1.tgz",
      "integrity": "sha512-TO3SYGR4DFkWIvM59Ymm2Eb7QcIBFQjdD+6N8+XYd25skfWme0q/NBa3YGoCpKjbhBgssNk8lsHqqjj8L4JPww==",
      "dependencies": {
        "datatables.net": ">=1.12.1",
        "jquery": ">=1.7"
      }
    },
    "node_modules/datatables.net-scroller-dt": {
      "version": "2.1.1",
      "resolved": "https://registry.npmjs.org/datatables.net-scroller-dt/-/datatables.net-scroller-dt-2.1.1.tgz",
      "integrity": "sha512-aYF/4zrVBuTVwF68Um5xz6GpA5CkKTsY2opZTNjmI7IrvIiZHvDk0NMTo+qQNaIEoJyGw4+x8BC6jw0zglAofg==",
      "dependencies": {
        "datatables.net-dt": ">=1.12.1",
        "datatables.net-scroller": ">=2.0.7",
        "jquery": ">=1.7"
      }
    },
    "node_modules/datatables.net-searchbuilder": {
      "version": "1.4.2",
      "resolved": "https://registry.npmjs.org/datatables.net-searchbuilder/-/datatables.net-searchbuilder-1.4.2.tgz",
      "integrity": "sha512-VMUuekAbKtm5ogXvhRYkYNYC6vh8SXljSQ9rvhCNvLcvYQW2zX1TAsqwBf82P6i3TYDPdlSARVNsYxOpS9jYzA==",
      "dependencies": {
        "datatables.net": ">=1.12.1",
        "jquery": ">=1.7"
      }
    },
    "node_modules/datatables.net-searchbuilder-dt": {
      "version": "1.4.2",
      "resolved": "https://registry.npmjs.org/datatables.net-searchbuilder-dt/-/datatables.net-searchbuilder-dt-1.4.2.tgz",
      "integrity": "sha512-1B2xOvnzTaAdCFWKJfL91keH/f9Tm0mkHReY81DX1MaigQe/zHw+Bv94EAsGqASHwkDfyOm+JTx2PqQBCGlKng==",
      "dependencies": {
        "datatables.net-dt": ">=1.12.1",
        "datatables.net-searchbuilder": ">=1.3.4",
        "jquery": ">=1.7"
      }
    },
    "node_modules/datatables.net-searchpanes": {
      "version": "2.1.2",
      "resolved": "https://registry.npmjs.org/datatables.net-searchpanes/-/datatables.net-searchpanes-2.1.2.tgz",
      "integrity": "sha512-gt0rNw6hlJVMLz9j7qoI5o8bMlxEpSA6jAfQ36clhe8Y9Ajbu/no78rrW3AJ2v8K1FkDG1r6S3g/B9KiClEAsQ==",
      "dependencies": {
        "datatables.net": ">=1.12.1",
        "jquery": ">=1.7"
      }
    },
    "node_modules/datatables.net-searchpanes-dt": {
      "version": "2.1.2",
      "resolved": "https://registry.npmjs.org/datatables.net-searchpanes-dt/-/datatables.net-searchpanes-dt-2.1.2.tgz",
      "integrity": "sha512-m0FlhlxMg5+6OybSLqw3mpalzw9ZRCrvR3MwfyOl358siIeobbytIm/AU7d289BPnC9NluXAB/nhReYhYdJFWg==",
      "dependencies": {
        "datatables.net-dt": ">=1.12.1",
        "datatables.net-searchpanes": ">=2.0.2",
        "jquery": ">=1.7"
      }
    },
    "node_modules/datatables.net-select": {
      "version": "1.6.2",
      "resolved": "https://registry.npmjs.org/datatables.net-select/-/datatables.net-select-1.6.2.tgz",
      "integrity": "sha512-mGkWFGEN8vLJGp9POHA+CHDBIcWGOpos6mtuZ/S3hKF+niTZivqRuXybd79iDG8OHw3yRbafBIsHtcXcZxoG/g==",
      "dependencies": {
        "datatables.net": ">=1.12.1",
        "jquery": ">=1.7"
      }
    },
    "node_modules/datatables.net-select-dt": {
      "version": "1.6.2",
      "resolved": "https://registry.npmjs.org/datatables.net-select-dt/-/datatables.net-select-dt-1.6.2.tgz",
      "integrity": "sha512-Si52OqQzs9aTy22BrybLVGj0EnBXKQa1jU6Y5KXt4z6kzdwcyb/Bcf0E/Jv8Hi3TrnBMKUJQjEN5d5zqCFmTJQ==",
      "dependencies": {
        "datatables.net-dt": ">=1.12.1",
        "datatables.net-select": ">=1.4.0",
        "jquery": ">=1.7"
      }
    },
    "node_modules/datatables.net-staterestore": {
      "version": "1.2.2",
      "resolved": "https://registry.npmjs.org/datatables.net-staterestore/-/datatables.net-staterestore-1.2.2.tgz",
      "integrity": "sha512-XqUm0Am47DM5TLnj9ALkyWe+QlZGaS5BF62dQF7pReaKCrAJYvh9EiblW2hCu9nyO5nAztVx/ewB6+2otYuwzw==",
      "dependencies": {
        "datatables.net": ">=1.12.1",
        "jquery": ">=1.7"
      }
    },
    "node_modules/datatables.net-staterestore-dt": {
      "version": "1.2.2",
      "resolved": "https://registry.npmjs.org/datatables.net-staterestore-dt/-/datatables.net-staterestore-dt-1.2.2.tgz",
      "integrity": "sha512-Pox/v1/7IuT0lYqbbCrSp4Aww4zDD1p70yA5nKik2lBFa4fYSiZB6umbIs2sUbucS6mHcc0Yu1wPE8Aw1bAyGw==",
      "dependencies": {
        "datatables.net-dt": ">=1.12.1",
        "datatables.net-staterestore": ">=1.1.1",
        "jquery": ">=1.7"
      }
    },
    "node_modules/daterangepicker": {
      "version": "3.1.0",
      "resolved": "https://registry.npmjs.org/daterangepicker/-/daterangepicker-3.1.0.tgz",
      "integrity": "sha512-DxWXvvPq4srWLCqFugqSV+6CBt/CvQ0dnpXhQ3gl0autcIDAruG1PuGG3gC7yPRNytAD1oU1AcUOzaYhOawhTw==",
      "dependencies": {
        "jquery": ">=1.10",
        "moment": "^2.9.0"
      }
    },
    "node_modules/jquery": {
      "version": "3.7.0",
      "resolved": "https://registry.npmjs.org/jquery/-/jquery-3.7.0.tgz",
      "integrity": "sha512-umpJ0/k8X0MvD1ds0P9SfowREz2LenHsQaxSohMZ5OMNEU2r0tf8pdeEFTHMFxWVxKNyU9rTtK3CWzUCTKJUeQ=="
    },
    "node_modules/jquery-ui": {
      "version": "1.13.2",
      "resolved": "https://registry.npmjs.org/jquery-ui/-/jquery-ui-1.13.2.tgz",
      "integrity": "sha512-wBZPnqWs5GaYJmo1Jj0k/mrSkzdQzKDwhXNtHKcBdAcKVxMM3KNYFq+iJ2i1rwiG53Z8M4mTn3Qxrm17uH1D4Q==",
      "dependencies": {
        "jquery": ">=1.8.0 <4.0.0"
      }
    },
    "node_modules/moment": {
      "version": "2.29.4",
      "resolved": "https://registry.npmjs.org/moment/-/moment-2.29.4.tgz",
      "integrity": "sha512-5LC9SOxjSc2HF6vO2CyuTDNivEdoz2IvyJJGj6X8DJ0eFyfszE0QiEd+iXmBvUP3WHxSjFH/vIsA0EN00cgr8w==",
      "engines": {
        "node": "*"
      }
    }
  }
}
