{
  "name": "static",
  "lockfileVersion": 3,
  "requires": true,
  "packages": {
    "": {
      "dependencies": {
        "bootstrap": "^5.*",
        "bootstrap-icons": "^1.*",
        "datatables.net-autofill-bs5": "^2.7.0",
        "datatables.net-bs5": "^1.13.11",
        "datatables.net-buttons-bs5": "^3",
        "datatables.net-colreorder-bs5": "^1.7.2",
        "datatables.net-datetime": "^1.5.2",
        "datatables.net-fixedcolumns-bs5": "^4.3.1",
        "datatables.net-fixedheader-bs5": "^3.4.1",
        "datatables.net-keytable-bs5": "^2.12.0",
        "datatables.net-responsive-bs5": "^2.5.1",
        "datatables.net-rowgroup-bs5": "^1.5.0",
        "datatables.net-rowreorder-bs5": "^1.5.0",
        "datatables.net-scroller-bs5": "^2.4.1",
        "datatables.net-searchbuilder-bs5": "^1.7.0",
        "datatables.net-searchpanes-bs5": "^2.3.0",
        "datatables.net-select-bs5": "^1.7.1",
        "datatables.net-staterestore-bs5": "^1.4.0",
        "daterangepicker": "^3.*",
        "jquery": "^3.*",
        "jquery-datatables-checkboxes": "^1.2.13",
        "jquery-ui": "^1.13.*",
        "jszip": "^3.10.1",
        "pdfmake": "^0.2.10"
      }
    },
    "node_modules/@foliojs-fork/fontkit": {
      "version": "1.9.2",
      "resolved": "https://registry.npmjs.org/@foliojs-fork/fontkit/-/fontkit-1.9.2.tgz",
      "integrity": "sha512-IfB5EiIb+GZk+77TRB86AHroVaqfq8JRFlUbz0WEwsInyCG0epX2tCPOy+UfaWPju30DeVoUAXfzWXmhn753KA==",
      "dependencies": {
        "@foliojs-fork/restructure": "^2.0.2",
        "brotli": "^1.2.0",
        "clone": "^1.0.4",
        "deep-equal": "^1.0.0",
        "dfa": "^1.2.0",
        "tiny-inflate": "^1.0.2",
        "unicode-properties": "^1.2.2",
        "unicode-trie": "^2.0.0"
      }
    },
    "node_modules/@foliojs-fork/linebreak": {
      "version": "1.1.2",
      "resolved": "https://registry.npmjs.org/@foliojs-fork/linebreak/-/linebreak-1.1.2.tgz",
      "integrity": "sha512-ZPohpxxbuKNE0l/5iBJnOAfUaMACwvUIKCvqtWGKIMv1lPYoNjYXRfhi9FeeV9McBkBLxsMFWTVVhHJA8cyzvg==",
      "dependencies": {
        "base64-js": "1.3.1",
        "unicode-trie": "^2.0.0"
      }
    },
    "node_modules/@foliojs-fork/pdfkit": {
      "version": "0.14.0",
      "resolved": "https://registry.npmjs.org/@foliojs-fork/pdfkit/-/pdfkit-0.14.0.tgz",
      "integrity": "sha512-nMOiQAv6id89MT3tVTCgc7HxD5ZMANwio2o5yvs5sexQkC0KI3BLaLakpsrHmFfeGFAhqPmZATZGbJGXTUebpg==",
      "dependencies": {
        "@foliojs-fork/fontkit": "^1.9.1",
        "@foliojs-fork/linebreak": "^1.1.1",
        "crypto-js": "^4.2.0",
        "png-js": "^1.0.0"
      }
    },
    "node_modules/@foliojs-fork/restructure": {
      "version": "2.0.2",
      "resolved": "https://registry.npmjs.org/@foliojs-fork/restructure/-/restructure-2.0.2.tgz",
      "integrity": "sha512-59SgoZ3EXbkfSX7b63tsou/SDGzwUEK6MuB5sKqgVK1/XE0fxmpsOb9DQI8LXW3KfGnAjImCGhhEb7uPPAUVNA=="
    },
    "node_modules/@popperjs/core": {
      "version": "2.11.8",
      "resolved": "https://registry.npmjs.org/@popperjs/core/-/core-2.11.8.tgz",
      "integrity": "sha512-P1st0aksCrn9sGZhp8GMYwBnQsbvAWsZAX44oXNNvLHGqAOcoVxmjZiohstwQ7SqKnbR47akdNi+uleWD8+g6A==",
      "peer": true,
      "funding": {
        "type": "opencollective",
        "url": "https://opencollective.com/popperjs"
      }
    },
    "node_modules/base64-js": {
      "version": "1.3.1",
      "resolved": "https://registry.npmjs.org/base64-js/-/base64-js-1.3.1.tgz",
      "integrity": "sha512-mLQ4i2QO1ytvGWFWmcngKO//JXAQueZvwEKtjgQFM4jIK0kU+ytMfplL8j+n5mspOfjHwoAg+9yhb7BwAHm36g=="
    },
    "node_modules/bootstrap": {
      "version": "5.3.3",
      "resolved": "https://registry.npmjs.org/bootstrap/-/bootstrap-5.3.3.tgz",
      "integrity": "sha512-8HLCdWgyoMguSO9o+aH+iuZ+aht+mzW0u3HIMzVu7Srrpv7EBBxTnrFlSCskwdY1+EOFQSm7uMJhNQHkdPcmjg==",
      "funding": [
        {
          "type": "github",
          "url": "https://github.com/sponsors/twbs"
        },
        {
          "type": "opencollective",
          "url": "https://opencollective.com/bootstrap"
        }
      ],
      "peerDependencies": {
        "@popperjs/core": "^2.11.8"
      }
    },
    "node_modules/bootstrap-icons": {
      "version": "1.11.3",
      "resolved": "https://registry.npmjs.org/bootstrap-icons/-/bootstrap-icons-1.11.3.tgz",
      "integrity": "sha512-+3lpHrCw/it2/7lBL15VR0HEumaBss0+f/Lb6ZvHISn1mlK83jjFpooTLsMWbIjJMDjDjOExMsTxnXSIT4k4ww==",
      "funding": [
        {
          "type": "github",
          "url": "https://github.com/sponsors/twbs"
        },
        {
          "type": "opencollective",
          "url": "https://opencollective.com/bootstrap"
        }
      ]
    },
    "node_modules/brotli": {
      "version": "1.3.3",
      "resolved": "https://registry.npmjs.org/brotli/-/brotli-1.3.3.tgz",
      "integrity": "sha512-oTKjJdShmDuGW94SyyaoQvAjf30dZaHnjJ8uAF+u2/vGJkJbJPJAT1gDiOJP5v1Zb6f9KEyW/1HpuaWIXtGHPg==",
      "dependencies": {
        "base64-js": "^1.1.2"
      }
    },
    "node_modules/call-bind": {
      "version": "1.0.7",
      "resolved": "https://registry.npmjs.org/call-bind/-/call-bind-1.0.7.tgz",
      "integrity": "sha512-GHTSNSYICQ7scH7sZ+M2rFopRoLh8t2bLSW6BbgrtLsahOIB5iyAVJf9GjWK3cYTDaMj4XdBpM1cA6pIS0Kv2w==",
      "dependencies": {
        "es-define-property": "^1.0.0",
        "es-errors": "^1.3.0",
        "function-bind": "^1.1.2",
        "get-intrinsic": "^1.2.4",
        "set-function-length": "^1.2.1"
      },
      "engines": {
        "node": ">= 0.4"
      },
      "funding": {
        "url": "https://github.com/sponsors/ljharb"
      }
    },
    "node_modules/clone": {
      "version": "1.0.4",
      "resolved": "https://registry.npmjs.org/clone/-/clone-1.0.4.tgz",
      "integrity": "sha512-JQHZ2QMW6l3aH/j6xCqQThY/9OH4D/9ls34cgkUBiEeocRTU04tHfKPBsUK1PqZCUQM7GiA0IIXJSuXHI64Kbg==",
      "engines": {
        "node": ">=0.8"
      }
    },
    "node_modules/core-util-is": {
      "version": "1.0.3",
      "resolved": "https://registry.npmjs.org/core-util-is/-/core-util-is-1.0.3.tgz",
      "integrity": "sha512-ZQBvi1DcpJ4GDqanjucZ2Hj3wEO5pZDS89BWbkcrvdxksJorwUDDZamX9ldFkp9aw2lmBDLgkObEA4DWNJ9FYQ=="
    },
    "node_modules/crypto-js": {
      "version": "4.2.0",
      "resolved": "https://registry.npmjs.org/crypto-js/-/crypto-js-4.2.0.tgz",
      "integrity": "sha512-KALDyEYgpY+Rlob/iriUtjV6d5Eq+Y191A5g4UqLAi8CyGP9N1+FdVbkc1SxKc2r4YAYqG8JzO2KGL+AizD70Q=="
    },
    "node_modules/datatables.net": {
      "version": "2.0.2",
      "resolved": "https://registry.npmjs.org/datatables.net/-/datatables.net-2.0.2.tgz",
      "integrity": "sha512-uQM+s1oXhpTajUw5DCxarpfAtQJMh0MKFCLZMCc+UWLWPg8ipe6L2zgDMbRC8n9UCwGVpHOwUYlQu2JU1/PhSg==",
      "dependencies": {
        "jquery": ">=1.7"
      }
    },
    "node_modules/datatables.net-autofill": {
      "version": "2.7.0",
      "resolved": "https://registry.npmjs.org/datatables.net-autofill/-/datatables.net-autofill-2.7.0.tgz",
      "integrity": "sha512-zy7Jglke0VXu7RzyGYufMLLlSJkhr+rWJubBw0cozlaXtrqR2CNjY8LBBJA19GwBeoDCNrbojNge0YN8l44b8g==",
      "dependencies": {
        "datatables.net": ">=1.11",
        "jquery": ">=1.7"
      }
    },
    "node_modules/datatables.net-autofill-bs5": {
      "version": "2.7.0",
      "resolved": "https://registry.npmjs.org/datatables.net-autofill-bs5/-/datatables.net-autofill-bs5-2.7.0.tgz",
      "integrity": "sha512-81mVX5XFi47R3dT7z4LhDRsAt/XSh7uHLaQcECETmyKtcGLJcIFBwEkygcyEmDUudTmEfGi38t6SZ67vxAfH9g==",
      "dependencies": {
        "datatables.net-autofill": "2.7.0",
        "datatables.net-bs5": ">=1.11",
        "jquery": ">=1.7"
      }
    },
    "node_modules/datatables.net-bs5": {
      "version": "1.13.11",
      "resolved": "https://registry.npmjs.org/datatables.net-bs5/-/datatables.net-bs5-1.13.11.tgz",
      "integrity": "sha512-NQO15TjXo4xvZ0jReC4Uf86ezbQzPQPdaN2YncrCPhzQ6fx+2WD7DUq4ur0HbAcYHo94/M+MtD5Ch29To7Rj3Q==",
      "dependencies": {
        "datatables.net": "1.13.11",
        "jquery": "1.8 - 4"
      }
    },
    "node_modules/datatables.net-bs5/node_modules/datatables.net": {
      "version": "1.13.11",
      "resolved": "https://registry.npmjs.org/datatables.net/-/datatables.net-1.13.11.tgz",
      "integrity": "sha512-AE6RkMXziRaqzPcu/pl3SJXeRa6fmXQG/fVjuRESujvkzqDCYEeKTTpPMuVJSGYJpPi32WGSphVNNY1G4nSN/g==",
      "dependencies": {
        "jquery": "1.8 - 4"
      }
    },
    "node_modules/datatables.net-buttons": {
      "version": "3.0.1",
      "resolved": "https://registry.npmjs.org/datatables.net-buttons/-/datatables.net-buttons-3.0.1.tgz",
      "integrity": "sha512-VjTEooHtjHW2VY5/iddTLMRy2G2TtT2GyYwN9EmaMsG4MClD5lWfYdkpv/NMwz175gx7fe1lh/NVAYT4W3jMSg==",
      "dependencies": {
        "datatables.net": "^2",
        "jquery": ">=1.7"
      }
    },
    "node_modules/datatables.net-buttons-bs5": {
      "version": "3.0.1",
      "resolved": "https://registry.npmjs.org/datatables.net-buttons-bs5/-/datatables.net-buttons-bs5-3.0.1.tgz",
      "integrity": "sha512-Q8MrDiuM5BmvEn3bT28HRzw0wRsudTTYieqacCBD1UfbmjelyEYSk9ugrxbrPtuavQuLZr8HZhDlCCDYusJAfg==",
      "dependencies": {
        "datatables.net-bs5": "^2",
        "datatables.net-buttons": "3.0.1",
        "jquery": ">=1.7"
      }
    },
    "node_modules/datatables.net-buttons-bs5/node_modules/datatables.net-bs5": {
      "version": "2.0.2",
      "resolved": "https://registry.npmjs.org/datatables.net-bs5/-/datatables.net-bs5-2.0.2.tgz",
      "integrity": "sha512-DT8UDglmFroQ+40W3ElSiil73ISc2bK8n7EjNdN2iFrX31mxDTWo4NA/fBBFWEXHTxOpi0V4vD7zTq0SxP0Pvw==",
      "dependencies": {
        "datatables.net": "2.0.2",
        "jquery": ">=1.7"
      }
    },
    "node_modules/datatables.net-colreorder": {
      "version": "1.7.2",
      "resolved": "https://registry.npmjs.org/datatables.net-colreorder/-/datatables.net-colreorder-1.7.2.tgz",
      "integrity": "sha512-F8TYMFXtWLtsjciwS7hkP/Fbp3XS6WHuHLc+iMFtQqiQmbMo/59GK7YSxKuxSoqTTJU/opaPXQYjODnIuNEc/g==",
      "dependencies": {
        "datatables.net": "^1.13.0",
        "jquery": ">=1.7"
      }
    },
    "node_modules/datatables.net-colreorder-bs5": {
      "version": "1.7.2",
      "resolved": "https://registry.npmjs.org/datatables.net-colreorder-bs5/-/datatables.net-colreorder-bs5-1.7.2.tgz",
      "integrity": "sha512-vVACbltRf04P7lwxSCmC9KNJnpO8OlO7uWtMxM/wStIHmaJerbtGpZwZWorZT9mEbt8qS/YnhOxG3Ju4wF1r7A==",
      "dependencies": {
        "datatables.net-bs5": "^1.13.0",
        "datatables.net-colreorder": "1.7.2",
        "jquery": ">=1.7"
      }
    },
    "node_modules/datatables.net-colreorder/node_modules/datatables.net": {
      "version": "1.13.11",
      "resolved": "https://registry.npmjs.org/datatables.net/-/datatables.net-1.13.11.tgz",
      "integrity": "sha512-AE6RkMXziRaqzPcu/pl3SJXeRa6fmXQG/fVjuRESujvkzqDCYEeKTTpPMuVJSGYJpPi32WGSphVNNY1G4nSN/g==",
      "dependencies": {
        "jquery": "1.8 - 4"
      }
    },
    "node_modules/datatables.net-datetime": {
      "version": "1.5.2",
      "resolved": "https://registry.npmjs.org/datatables.net-datetime/-/datatables.net-datetime-1.5.2.tgz",
      "integrity": "sha512-rOriqo69qHjlyEqBhLfcWJXKk2kB1apjNjRJ+cN5xbhq+MLZOk6twpw0aSLHDFijF7cw/gVRzycQ4xyIK6VLGw=="
    },
    "node_modules/datatables.net-fixedcolumns": {
      "version": "4.3.1",
      "resolved": "https://registry.npmjs.org/datatables.net-fixedcolumns/-/datatables.net-fixedcolumns-4.3.1.tgz",
      "integrity": "sha512-K5hEr5PIIHFMLd2sR9CBw3RRhf0nJbbsc5NHWnfjUUtnr9d808xbifuej3TpdKOtGeRJgAnRktiL9f30sM32CQ==",
      "dependencies": {
        "datatables.net": "^1.13.0",
        "jquery": ">=1.7"
      }
    },
    "node_modules/datatables.net-fixedcolumns-bs5": {
      "version": "4.3.1",
      "resolved": "https://registry.npmjs.org/datatables.net-fixedcolumns-bs5/-/datatables.net-fixedcolumns-bs5-4.3.1.tgz",
      "integrity": "sha512-cHh+ydEmtnD7O5JHsob32Xi0iS+CTvJSSJEEuasK7JmOG6Ct2OjwSX2Z6MHQyjoaSWxqjnT4OVf1v01j8abXTA==",
      "dependencies": {
        "datatables.net-bs5": "^1.13.0",
        "datatables.net-fixedcolumns": "4.3.1",
        "jquery": ">=1.7"
      }
    },
    "node_modules/datatables.net-fixedcolumns/node_modules/datatables.net": {
      "version": "1.13.11",
      "resolved": "https://registry.npmjs.org/datatables.net/-/datatables.net-1.13.11.tgz",
      "integrity": "sha512-AE6RkMXziRaqzPcu/pl3SJXeRa6fmXQG/fVjuRESujvkzqDCYEeKTTpPMuVJSGYJpPi32WGSphVNNY1G4nSN/g==",
      "dependencies": {
        "jquery": "1.8 - 4"
      }
    },
    "node_modules/datatables.net-fixedheader": {
      "version": "3.4.1",
      "resolved": "https://registry.npmjs.org/datatables.net-fixedheader/-/datatables.net-fixedheader-3.4.1.tgz",
      "integrity": "sha512-c9FJAShG5r8RJDIszWQvMFe6Ie+njfbHB9GhzOPjEF7zhbsMUQEkoYq1qW3ppOxY5psadDrT+D3f4iGM589u6w==",
      "dependencies": {
        "datatables.net": "^1.13.0",
        "jquery": ">=1.7"
      }
    },
    "node_modules/datatables.net-fixedheader-bs5": {
      "version": "3.4.1",
      "resolved": "https://registry.npmjs.org/datatables.net-fixedheader-bs5/-/datatables.net-fixedheader-bs5-3.4.1.tgz",
      "integrity": "sha512-A2oDu1dcDzM6tF1IJNFtcnPQ5Vl3wJewyEs9I9/oI/a5P93nAZGbG6F5ZZedE9UDSMfNfCU3MbXYaUYmZEAqrA==",
      "dependencies": {
        "datatables.net-bs5": "^1.13.0",
        "datatables.net-fixedheader": "3.4.1",
        "jquery": ">=1.7"
      }
    },
    "node_modules/datatables.net-fixedheader/node_modules/datatables.net": {
      "version": "1.13.11",
      "resolved": "https://registry.npmjs.org/datatables.net/-/datatables.net-1.13.11.tgz",
      "integrity": "sha512-AE6RkMXziRaqzPcu/pl3SJXeRa6fmXQG/fVjuRESujvkzqDCYEeKTTpPMuVJSGYJpPi32WGSphVNNY1G4nSN/g==",
      "dependencies": {
        "jquery": "1.8 - 4"
      }
    },
    "node_modules/datatables.net-keytable": {
      "version": "2.12.0",
      "resolved": "https://registry.npmjs.org/datatables.net-keytable/-/datatables.net-keytable-2.12.0.tgz",
      "integrity": "sha512-vijxMw7ZIB/fDe5FWGiDqe8CPiPXg3lvqK4lL48vQh1zoiE3+0C3za82qM9g/2zbwtIXmOLwBZc2ivrErNVPkA==",
      "dependencies": {
        "datatables.net": ">=1.11.0",
        "jquery": ">=1.7"
      }
    },
    "node_modules/datatables.net-keytable-bs5": {
      "version": "2.12.0",
      "resolved": "https://registry.npmjs.org/datatables.net-keytable-bs5/-/datatables.net-keytable-bs5-2.12.0.tgz",
      "integrity": "sha512-fURfbNtVx2Ka0T7UoYyTYImsmESI+VzcOYT14/3ZBvtcJfltvB0mn92uBx+Fcnkx88osm2bIYXeCpv7GWrjMcw==",
      "dependencies": {
        "datatables.net-bs5": ">=1.11.0",
        "datatables.net-keytable": "2.12.0",
        "jquery": ">=1.7"
      }
    },
    "node_modules/datatables.net-responsive": {
      "version": "2.5.1",
      "resolved": "https://registry.npmjs.org/datatables.net-responsive/-/datatables.net-responsive-2.5.1.tgz",
      "integrity": "sha512-hyJb2faIzEWUX5Yn4HOSq/6NNB9SXDVbI4OU9ny+XU/2ghZEz4676spOgzpDHTdWvCfM+t1mbUsT70fDiTTr9w==",
      "dependencies": {
        "datatables.net": "^1.13.0",
        "jquery": ">=1.7"
      }
    },
    "node_modules/datatables.net-responsive-bs5": {
      "version": "2.5.1",
      "resolved": "https://registry.npmjs.org/datatables.net-responsive-bs5/-/datatables.net-responsive-bs5-2.5.1.tgz",
      "integrity": "sha512-jNaIO67eM+TivHSm8mnMp2LrP/Fo+zMCoBUUj7oA8Xt49J/CMvdHCzh0szpLxj/++xmTZzCkuslyu6iM85VO8g==",
      "dependencies": {
        "datatables.net-bs5": "^1.13.0",
        "datatables.net-responsive": "2.5.1",
        "jquery": ">=1.7"
      }
    },
    "node_modules/datatables.net-responsive/node_modules/datatables.net": {
      "version": "1.13.11",
      "resolved": "https://registry.npmjs.org/datatables.net/-/datatables.net-1.13.11.tgz",
      "integrity": "sha512-AE6RkMXziRaqzPcu/pl3SJXeRa6fmXQG/fVjuRESujvkzqDCYEeKTTpPMuVJSGYJpPi32WGSphVNNY1G4nSN/g==",
      "dependencies": {
        "jquery": "1.8 - 4"
      }
    },
    "node_modules/datatables.net-rowgroup": {
      "version": "1.5.0",
      "resolved": "https://registry.npmjs.org/datatables.net-rowgroup/-/datatables.net-rowgroup-1.5.0.tgz",
      "integrity": "sha512-V/CLJu7rMjxwfhZAv59emZOPw58cwnYmd8NXTTJSnqBDgOZsaC9mtVo0ejBpdqvNw5WmMPy3AJceH+ay6JQ3hA==",
      "dependencies": {
        "datatables.net": ">=1.11.0",
        "jquery": ">=1.7"
      }
    },
    "node_modules/datatables.net-rowgroup-bs5": {
      "version": "1.5.0",
      "resolved": "https://registry.npmjs.org/datatables.net-rowgroup-bs5/-/datatables.net-rowgroup-bs5-1.5.0.tgz",
      "integrity": "sha512-Fzk9aXlS1CAe+UfKa62QI6AqlX9fazMC0rOnBIH/38c6QqggikjGTzUOSn8bgs6MQrgbSS2bYlp9kHH4L0hSvA==",
      "dependencies": {
        "datatables.net-bs5": ">=1.11.0",
        "datatables.net-rowgroup": "1.5.0",
        "jquery": ">=1.7"
      }
    },
    "node_modules/datatables.net-rowreorder": {
      "version": "1.5.0",
      "resolved": "https://registry.npmjs.org/datatables.net-rowreorder/-/datatables.net-rowreorder-1.5.0.tgz",
      "integrity": "sha512-Kkq57tdJHrUCYkS8vywhL5tqKtl2q3K3p8A6wkIdwMX2b8YVjtywhQbXvvVLZnlMQsdX194FXVK1AgAwcm4hFg==",
      "dependencies": {
        "datatables.net": ">=1.11.0",
        "jquery": ">=1.7"
      }
    },
    "node_modules/datatables.net-rowreorder-bs5": {
      "version": "1.5.0",
      "resolved": "https://registry.npmjs.org/datatables.net-rowreorder-bs5/-/datatables.net-rowreorder-bs5-1.5.0.tgz",
      "integrity": "sha512-Z57SfxBmlhQ03CEsjl4Txa22/hdBuB2b9cwnEAo8u4/L4YAfTGq+9PixsWN5M/sV9uHVOCjzLQYJmBjSYwc6oQ==",
      "dependencies": {
        "datatables.net-bs5": ">=1.11.0",
        "datatables.net-rowreorder": "1.5.0",
        "jquery": ">=1.7"
      }
    },
    "node_modules/datatables.net-scroller": {
      "version": "2.4.1",
      "resolved": "https://registry.npmjs.org/datatables.net-scroller/-/datatables.net-scroller-2.4.1.tgz",
      "integrity": "sha512-zLtAUJUrqrLvBPADjmropapUqwIEtZcFABKgffxx50L4bcJr9yFDG4UctI4bFQJjnoRTU5iSAlyGBCxpxeqHfw==",
      "dependencies": {
        "datatables.net": "1.11 - 2",
        "jquery": ">=1.7"
      }
    },
    "node_modules/datatables.net-scroller-bs5": {
      "version": "2.4.1",
      "resolved": "https://registry.npmjs.org/datatables.net-scroller-bs5/-/datatables.net-scroller-bs5-2.4.1.tgz",
      "integrity": "sha512-MazgMjrsDjgBMRFaTPudp9IUTT8rvMf4YzNnBnEbK5/uXzOxGzQgwadTX7RarNNOelvXjBI61CXhOjFapklaSg==",
      "dependencies": {
        "datatables.net-bs5": "1.11 - 2",
        "datatables.net-scroller": "2.4.1",
        "jquery": ">=1.7"
      }
    },
    "node_modules/datatables.net-searchbuilder": {
      "version": "1.7.0",
      "resolved": "https://registry.npmjs.org/datatables.net-searchbuilder/-/datatables.net-searchbuilder-1.7.0.tgz",
      "integrity": "sha512-JGqxDVudgRxrHs/J+VM9O2rcwPgaUjpqBL1MHJAVJw+4vxvAY5Sbb0qP6ayo8h4yZyAE2+aPRm/smJ24N0nztw==",
      "dependencies": {
        "datatables.net": ">=1.11.0",
        "jquery": ">=1.7"
      }
    },
    "node_modules/datatables.net-searchbuilder-bs5": {
      "version": "1.7.0",
      "resolved": "https://registry.npmjs.org/datatables.net-searchbuilder-bs5/-/datatables.net-searchbuilder-bs5-1.7.0.tgz",
      "integrity": "sha512-FJrOKAcCNX9UJtmM6i+0E1x10F5KY/e1KUsFPuGum9i6X3X5PIlHi+6dErHBH2YuIXkeSGmvzefpXU1ibo5fPw==",
      "dependencies": {
        "datatables.net-bs5": ">=1.11.0",
        "datatables.net-searchbuilder": "1.7.0",
        "jquery": ">=1.7"
      }
    },
    "node_modules/datatables.net-searchpanes": {
      "version": "2.3.0",
      "resolved": "https://registry.npmjs.org/datatables.net-searchpanes/-/datatables.net-searchpanes-2.3.0.tgz",
      "integrity": "sha512-AAl03TQXatzQh6gqNot1BAzenMxQ0/mxX+Nzn770mdTUmhVy2VX8pa7/vZlwe0tRbTcZ9VZMBMErCb66i5X3rA==",
      "dependencies": {
        "datatables.net": ">=1.11.0",
        "jquery": ">=1.7"
      }
    },
    "node_modules/datatables.net-searchpanes-bs5": {
      "version": "2.3.0",
      "resolved": "https://registry.npmjs.org/datatables.net-searchpanes-bs5/-/datatables.net-searchpanes-bs5-2.3.0.tgz",
      "integrity": "sha512-qqGBVw++A22EpmuHLQM4Q+7N5Gi9drx6/ofGpJHQG2Mk7HM4AoVCc+EcaIi4W4texf031fCthS9/E5zkJM9hXw==",
      "dependencies": {
        "datatables.net-bs5": ">=1.11.0",
        "datatables.net-searchpanes": "2.3.0",
        "jquery": ">=1.7"
      }
    },
    "node_modules/datatables.net-select": {
      "version": "1.7.1",
      "resolved": "https://registry.npmjs.org/datatables.net-select/-/datatables.net-select-1.7.1.tgz",
      "integrity": "sha512-yC+GoBDVsnbaFTYKmZ2v5Bftc66zSZCYHbPYZb/ccdvxytEEudjc9R3wn6fgkOrVx3C2X/8keQc4a7EJvdOErg==",
      "dependencies": {
        "datatables.net": "^1.13.0",
        "jquery": ">=1.7"
      }
    },
    "node_modules/datatables.net-select-bs5": {
      "version": "1.7.1",
      "resolved": "https://registry.npmjs.org/datatables.net-select-bs5/-/datatables.net-select-bs5-1.7.1.tgz",
      "integrity": "sha512-445VC5BtBZLKGYoxW85a0XFIpGkPpw4O/7fav2c989e27NEuO++Ztya1I3dFcCW+lB5CjV7U/oerm6bYkNJ+hQ==",
      "dependencies": {
        "datatables.net-bs5": "^1.13.0",
        "datatables.net-select": "1.7.1",
        "jquery": ">=1.7"
      }
    },
    "node_modules/datatables.net-select/node_modules/datatables.net": {
      "version": "1.13.11",
      "resolved": "https://registry.npmjs.org/datatables.net/-/datatables.net-1.13.11.tgz",
      "integrity": "sha512-AE6RkMXziRaqzPcu/pl3SJXeRa6fmXQG/fVjuRESujvkzqDCYEeKTTpPMuVJSGYJpPi32WGSphVNNY1G4nSN/g==",
      "dependencies": {
        "jquery": "1.8 - 4"
      }
    },
    "node_modules/datatables.net-staterestore": {
      "version": "1.4.0",
      "resolved": "https://registry.npmjs.org/datatables.net-staterestore/-/datatables.net-staterestore-1.4.0.tgz",
      "integrity": "sha512-OB/VnezqDuJLqoYJC6jx1+lLQoHb1X/cmMVBx3Z2wb0+A2+EXufoEgRypZUwbuhXzvi3INclILbUaGJ3lQ6acA==",
      "dependencies": {
        "datatables.net": ">=1.11.0",
        "jquery": ">=1.7"
      }
    },
    "node_modules/datatables.net-staterestore-bs5": {
      "version": "1.4.0",
      "resolved": "https://registry.npmjs.org/datatables.net-staterestore-bs5/-/datatables.net-staterestore-bs5-1.4.0.tgz",
      "integrity": "sha512-osU2fBOIN8nZkB/54e/Sux6fzBiyb2PhlHpYN44nMfL6dZBpGWL4AVaV02q2I1Bgsp7UhiWq5kuIXMLOX8vLjg==",
      "dependencies": {
        "datatables.net-bs5": ">=1.11.0",
        "datatables.net-staterestore": "1.4.0",
        "jquery": ">=1.7"
      }
    },
    "node_modules/daterangepicker": {
      "version": "3.1.0",
      "resolved": "https://registry.npmjs.org/daterangepicker/-/daterangepicker-3.1.0.tgz",
      "integrity": "sha512-DxWXvvPq4srWLCqFugqSV+6CBt/CvQ0dnpXhQ3gl0autcIDAruG1PuGG3gC7yPRNytAD1oU1AcUOzaYhOawhTw==",
      "dependencies": {
        "jquery": ">=1.10",
        "moment": "^2.9.0"
      }
    },
    "node_modules/deep-equal": {
      "version": "1.1.2",
      "resolved": "https://registry.npmjs.org/deep-equal/-/deep-equal-1.1.2.tgz",
      "integrity": "sha512-5tdhKF6DbU7iIzrIOa1AOUt39ZRm13cmL1cGEh//aqR8x9+tNfbywRf0n5FD/18OKMdo7DNEtrX2t22ZAkI+eg==",
      "dependencies": {
        "is-arguments": "^1.1.1",
        "is-date-object": "^1.0.5",
        "is-regex": "^1.1.4",
        "object-is": "^1.1.5",
        "object-keys": "^1.1.1",
        "regexp.prototype.flags": "^1.5.1"
      },
      "engines": {
        "node": ">= 0.4"
      },
      "funding": {
        "url": "https://github.com/sponsors/ljharb"
      }
    },
    "node_modules/define-data-property": {
      "version": "1.1.4",
      "resolved": "https://registry.npmjs.org/define-data-property/-/define-data-property-1.1.4.tgz",
      "integrity": "sha512-rBMvIzlpA8v6E+SJZoo++HAYqsLrkg7MSfIinMPFhmkorw7X+dOXVJQs+QT69zGkzMyfDnIMN2Wid1+NbL3T+A==",
      "dependencies": {
        "es-define-property": "^1.0.0",
        "es-errors": "^1.3.0",
        "gopd": "^1.0.1"
      },
      "engines": {
        "node": ">= 0.4"
      },
      "funding": {
        "url": "https://github.com/sponsors/ljharb"
      }
    },
    "node_modules/define-properties": {
      "version": "1.2.1",
      "resolved": "https://registry.npmjs.org/define-properties/-/define-properties-1.2.1.tgz",
      "integrity": "sha512-8QmQKqEASLd5nx0U1B1okLElbUuuttJ/AnYmRXbbbGDWh6uS208EjD4Xqq/I9wK7u0v6O08XhTWnt5XtEbR6Dg==",
      "dependencies": {
        "define-data-property": "^1.0.1",
        "has-property-descriptors": "^1.0.0",
        "object-keys": "^1.1.1"
      },
      "engines": {
        "node": ">= 0.4"
      },
      "funding": {
        "url": "https://github.com/sponsors/ljharb"
      }
    },
    "node_modules/dfa": {
      "version": "1.2.0",
      "resolved": "https://registry.npmjs.org/dfa/-/dfa-1.2.0.tgz",
      "integrity": "sha512-ED3jP8saaweFTjeGX8HQPjeC1YYyZs98jGNZx6IiBvxW7JG5v492kamAQB3m2wop07CvU/RQmzcKr6bgcC5D/Q=="
    },
    "node_modules/es-define-property": {
      "version": "1.0.0",
      "resolved": "https://registry.npmjs.org/es-define-property/-/es-define-property-1.0.0.tgz",
      "integrity": "sha512-jxayLKShrEqqzJ0eumQbVhTYQM27CfT1T35+gCgDFoL82JLsXqTJ76zv6A0YLOgEnLUMvLzsDsGIrl8NFpT2gQ==",
      "dependencies": {
        "get-intrinsic": "^1.2.4"
      },
      "engines": {
        "node": ">= 0.4"
      }
    },
    "node_modules/es-errors": {
      "version": "1.3.0",
      "resolved": "https://registry.npmjs.org/es-errors/-/es-errors-1.3.0.tgz",
      "integrity": "sha512-Zf5H2Kxt2xjTvbJvP2ZWLEICxA6j+hAmMzIlypy4xcBg1vKVnx89Wy0GbS+kf5cwCVFFzdCFh2XSCFNULS6csw==",
      "engines": {
        "node": ">= 0.4"
      }
    },
    "node_modules/function-bind": {
      "version": "1.1.2",
      "resolved": "https://registry.npmjs.org/function-bind/-/function-bind-1.1.2.tgz",
      "integrity": "sha512-7XHNxH7qX9xG5mIwxkhumTox/MIRNcOgDrxWsMt2pAr23WHp6MrRlN7FBSFpCpr+oVO0F744iUgR82nJMfG2SA==",
      "funding": {
        "url": "https://github.com/sponsors/ljharb"
      }
    },
    "node_modules/functions-have-names": {
      "version": "1.2.3",
      "resolved": "https://registry.npmjs.org/functions-have-names/-/functions-have-names-1.2.3.tgz",
      "integrity": "sha512-xckBUXyTIqT97tq2x2AMb+g163b5JFysYk0x4qxNFwbfQkmNZoiRHb6sPzI9/QV33WeuvVYBUIiD4NzNIyqaRQ==",
      "funding": {
        "url": "https://github.com/sponsors/ljharb"
      }
    },
    "node_modules/get-intrinsic": {
      "version": "1.2.4",
      "resolved": "https://registry.npmjs.org/get-intrinsic/-/get-intrinsic-1.2.4.tgz",
      "integrity": "sha512-5uYhsJH8VJBTv7oslg4BznJYhDoRI6waYCxMmCdnTrcCrHA/fCFKoTFz2JKKE0HdDFUF7/oQuhzumXJK7paBRQ==",
      "dependencies": {
        "es-errors": "^1.3.0",
        "function-bind": "^1.1.2",
        "has-proto": "^1.0.1",
        "has-symbols": "^1.0.3",
        "hasown": "^2.0.0"
      },
      "engines": {
        "node": ">= 0.4"
      },
      "funding": {
        "url": "https://github.com/sponsors/ljharb"
      }
    },
    "node_modules/gopd": {
      "version": "1.0.1",
      "resolved": "https://registry.npmjs.org/gopd/-/gopd-1.0.1.tgz",
      "integrity": "sha512-d65bNlIadxvpb/A2abVdlqKqV563juRnZ1Wtk6s1sIR8uNsXR70xqIzVqxVf1eTqDunwT2MkczEeaezCKTZhwA==",
      "dependencies": {
        "get-intrinsic": "^1.1.3"
      },
      "funding": {
        "url": "https://github.com/sponsors/ljharb"
      }
    },
    "node_modules/has-property-descriptors": {
      "version": "1.0.2",
      "resolved": "https://registry.npmjs.org/has-property-descriptors/-/has-property-descriptors-1.0.2.tgz",
      "integrity": "sha512-55JNKuIW+vq4Ke1BjOTjM2YctQIvCT7GFzHwmfZPGo5wnrgkid0YQtnAleFSqumZm4az3n2BS+erby5ipJdgrg==",
      "dependencies": {
        "es-define-property": "^1.0.0"
      },
      "funding": {
        "url": "https://github.com/sponsors/ljharb"
      }
    },
    "node_modules/has-proto": {
      "version": "1.0.3",
      "resolved": "https://registry.npmjs.org/has-proto/-/has-proto-1.0.3.tgz",
      "integrity": "sha512-SJ1amZAJUiZS+PhsVLf5tGydlaVB8EdFpaSO4gmiUKUOxk8qzn5AIy4ZeJUmh22znIdk/uMAUT2pl3FxzVUH+Q==",
      "engines": {
        "node": ">= 0.4"
      },
      "funding": {
        "url": "https://github.com/sponsors/ljharb"
      }
    },
    "node_modules/has-symbols": {
      "version": "1.0.3",
      "resolved": "https://registry.npmjs.org/has-symbols/-/has-symbols-1.0.3.tgz",
      "integrity": "sha512-l3LCuF6MgDNwTDKkdYGEihYjt5pRPbEg46rtlmnSPlUbgmB8LOIrKJbYYFBSbnPaJexMKtiPO8hmeRjRz2Td+A==",
      "engines": {
        "node": ">= 0.4"
      },
      "funding": {
        "url": "https://github.com/sponsors/ljharb"
      }
    },
    "node_modules/has-tostringtag": {
      "version": "1.0.2",
      "resolved": "https://registry.npmjs.org/has-tostringtag/-/has-tostringtag-1.0.2.tgz",
      "integrity": "sha512-NqADB8VjPFLM2V0VvHUewwwsw0ZWBaIdgo+ieHtK3hasLz4qeCRjYcqfB6AQrBggRKppKF8L52/VqdVsO47Dlw==",
      "dependencies": {
        "has-symbols": "^1.0.3"
      },
      "engines": {
        "node": ">= 0.4"
      },
      "funding": {
        "url": "https://github.com/sponsors/ljharb"
      }
    },
    "node_modules/hasown": {
      "version": "2.0.2",
      "resolved": "https://registry.npmjs.org/hasown/-/hasown-2.0.2.tgz",
      "integrity": "sha512-0hJU9SCPvmMzIBdZFqNPXWa6dqh7WdH0cII9y+CyS8rG3nL48Bclra9HmKhVVUHyPWNH5Y7xDwAB7bfgSjkUMQ==",
      "dependencies": {
        "function-bind": "^1.1.2"
      },
      "engines": {
        "node": ">= 0.4"
      }
    },
    "node_modules/iconv-lite": {
      "version": "0.6.3",
      "resolved": "https://registry.npmjs.org/iconv-lite/-/iconv-lite-0.6.3.tgz",
      "integrity": "sha512-4fCk79wshMdzMp2rH06qWrJE4iolqLhCUH+OiuIgU++RB0+94NlDL81atO7GX55uUKueo0txHNtvEyI6D7WdMw==",
      "dependencies": {
        "safer-buffer": ">= 2.1.2 < 3.0.0"
      },
      "engines": {
        "node": ">=0.10.0"
      }
    },
    "node_modules/immediate": {
      "version": "3.0.6",
      "resolved": "https://registry.npmjs.org/immediate/-/immediate-3.0.6.tgz",
      "integrity": "sha512-XXOFtyqDjNDAQxVfYxuF7g9Il/IbWmmlQg2MYKOH8ExIT1qg6xc4zyS3HaEEATgs1btfzxq15ciUiY7gjSXRGQ=="
    },
    "node_modules/inherits": {
      "version": "2.0.4",
      "resolved": "https://registry.npmjs.org/inherits/-/inherits-2.0.4.tgz",
      "integrity": "sha512-k/vGaX4/Yla3WzyMCvTQOXYeIHvqOKtnqBduzTHpzpQZzAskKMhZ2K+EnBiSM9zGSoIFeMpXKxa4dYeZIQqewQ=="
    },
    "node_modules/is-arguments": {
      "version": "1.1.1",
      "resolved": "https://registry.npmjs.org/is-arguments/-/is-arguments-1.1.1.tgz",
      "integrity": "sha512-8Q7EARjzEnKpt/PCD7e1cgUS0a6X8u5tdSiMqXhojOdoV9TsMsiO+9VLC5vAmO8N7/GmXn7yjR8qnA6bVAEzfA==",
      "dependencies": {
        "call-bind": "^1.0.2",
        "has-tostringtag": "^1.0.0"
      },
      "engines": {
        "node": ">= 0.4"
      },
      "funding": {
        "url": "https://github.com/sponsors/ljharb"
      }
    },
    "node_modules/is-date-object": {
      "version": "1.0.5",
      "resolved": "https://registry.npmjs.org/is-date-object/-/is-date-object-1.0.5.tgz",
      "integrity": "sha512-9YQaSxsAiSwcvS33MBk3wTCVnWK+HhF8VZR2jRxehM16QcVOdHqPn4VPHmRK4lSr38n9JriurInLcP90xsYNfQ==",
      "dependencies": {
        "has-tostringtag": "^1.0.0"
      },
      "engines": {
        "node": ">= 0.4"
      },
      "funding": {
        "url": "https://github.com/sponsors/ljharb"
      }
    },
    "node_modules/is-regex": {
      "version": "1.1.4",
      "resolved": "https://registry.npmjs.org/is-regex/-/is-regex-1.1.4.tgz",
      "integrity": "sha512-kvRdxDsxZjhzUX07ZnLydzS1TU/TJlTUHHY4YLL87e37oUA49DfkLqgy+VjFocowy29cKvcSiu+kIv728jTTVg==",
      "dependencies": {
        "call-bind": "^1.0.2",
        "has-tostringtag": "^1.0.0"
      },
      "engines": {
        "node": ">= 0.4"
      },
      "funding": {
        "url": "https://github.com/sponsors/ljharb"
      }
    },
    "node_modules/isarray": {
      "version": "1.0.0",
      "resolved": "https://registry.npmjs.org/isarray/-/isarray-1.0.0.tgz",
      "integrity": "sha512-VLghIWNM6ELQzo7zwmcg0NmTVyWKYjvIeM83yjp0wRDTmUnrM678fQbcKBo6n2CJEF0szoG//ytg+TKla89ALQ=="
    },
    "node_modules/jquery": {
      "version": "3.7.1",
      "resolved": "https://registry.npmjs.org/jquery/-/jquery-3.7.1.tgz",
      "integrity": "sha512-m4avr8yL8kmFN8psrbFFFmB/If14iN5o9nw/NgnnM+kybDJpRsAynV2BsfpTYrTRysYUdADVD7CkUUizgkpLfg=="
    },
    "node_modules/jquery-datatables-checkboxes": {
      "version": "1.2.14",
      "resolved": "https://registry.npmjs.org/jquery-datatables-checkboxes/-/jquery-datatables-checkboxes-1.2.14.tgz",
      "integrity": "sha512-99B6PmS3ZdinDyqF5vBiykd8B+NohHRBBs/a5/hrYRlsBxbWqQ2KtigSvAc2qFdxPOyrcCV75nWBYnlrtdCGgg==",
      "dependencies": {
        "datatables.net": ">=1.10.8",
        "jquery": ">=1.7"
      }
    },
    "node_modules/jquery-ui": {
      "version": "1.13.2",
      "resolved": "https://registry.npmjs.org/jquery-ui/-/jquery-ui-1.13.2.tgz",
      "integrity": "sha512-wBZPnqWs5GaYJmo1Jj0k/mrSkzdQzKDwhXNtHKcBdAcKVxMM3KNYFq+iJ2i1rwiG53Z8M4mTn3Qxrm17uH1D4Q==",
      "dependencies": {
        "jquery": ">=1.8.0 <4.0.0"
      }
    },
    "node_modules/jszip": {
      "version": "3.10.1",
      "resolved": "https://registry.npmjs.org/jszip/-/jszip-3.10.1.tgz",
      "integrity": "sha512-xXDvecyTpGLrqFrvkrUSoxxfJI5AH7U8zxxtVclpsUtMCq4JQ290LY8AW5c7Ggnr/Y/oK+bQMbqK2qmtk3pN4g==",
      "dependencies": {
        "lie": "~3.3.0",
        "pako": "~1.0.2",
        "readable-stream": "~2.3.6",
        "setimmediate": "^1.0.5"
      }
    },
    "node_modules/lie": {
      "version": "3.3.0",
      "resolved": "https://registry.npmjs.org/lie/-/lie-3.3.0.tgz",
      "integrity": "sha512-UaiMJzeWRlEujzAuw5LokY1L5ecNQYZKfmyZ9L7wDHb/p5etKaxXhohBcrw0EYby+G/NA52vRSN4N39dxHAIwQ==",
      "dependencies": {
        "immediate": "~3.0.5"
      }
    },
    "node_modules/moment": {
      "version": "2.30.1",
      "resolved": "https://registry.npmjs.org/moment/-/moment-2.30.1.tgz",
      "integrity": "sha512-uEmtNhbDOrWPFS+hdjFCBfy9f2YoyzRpwcl+DqpC6taX21FzsTLQVbMV/W7PzNSX6x/bhC1zA3c2UQ5NzH6how==",
      "engines": {
        "node": "*"
      }
    },
    "node_modules/object-is": {
      "version": "1.1.6",
      "resolved": "https://registry.npmjs.org/object-is/-/object-is-1.1.6.tgz",
      "integrity": "sha512-F8cZ+KfGlSGi09lJT7/Nd6KJZ9ygtvYC0/UYYLI9nmQKLMnydpB9yvbv9K1uSkEu7FU9vYPmVwLg328tX+ot3Q==",
      "dependencies": {
        "call-bind": "^1.0.7",
        "define-properties": "^1.2.1"
      },
      "engines": {
        "node": ">= 0.4"
      },
      "funding": {
        "url": "https://github.com/sponsors/ljharb"
      }
    },
    "node_modules/object-keys": {
      "version": "1.1.1",
      "resolved": "https://registry.npmjs.org/object-keys/-/object-keys-1.1.1.tgz",
      "integrity": "sha512-NuAESUOUMrlIXOfHKzD6bpPu3tYt3xvjNdRIQ+FeT0lNb4K8WR70CaDxhuNguS2XG+GjkyMwOzsN5ZktImfhLA==",
      "engines": {
        "node": ">= 0.4"
      }
    },
    "node_modules/pako": {
      "version": "1.0.11",
      "resolved": "https://registry.npmjs.org/pako/-/pako-1.0.11.tgz",
      "integrity": "sha512-4hLB8Py4zZce5s4yd9XzopqwVv/yGNhV1Bl8NTmCq1763HeK2+EwVTv+leGeL13Dnh2wfbqowVPXCIO0z4taYw=="
    },
    "node_modules/pdfmake": {
      "version": "0.2.10",
      "resolved": "https://registry.npmjs.org/pdfmake/-/pdfmake-0.2.10.tgz",
      "integrity": "sha512-doipFnmE1UHSk+Z3wfQuVweVQqx2pE/Ns2G5gCqZmWwqjDj+mZHnZYH/ryXWoIfD+iVdZUAutgI/VHkTCN+Xrw==",
      "dependencies": {
        "@foliojs-fork/linebreak": "^1.1.1",
        "@foliojs-fork/pdfkit": "^0.14.0",
        "iconv-lite": "^0.6.3",
        "xmldoc": "^1.1.2"
      },
      "engines": {
        "node": ">=12"
      }
    },
    "node_modules/png-js": {
      "version": "1.0.0",
      "resolved": "https://registry.npmjs.org/png-js/-/png-js-1.0.0.tgz",
      "integrity": "sha512-k+YsbhpA9e+EFfKjTCH3VW6aoKlyNYI6NYdTfDL4CIvFnvsuO84ttonmZE7rc+v23SLTH8XX+5w/Ak9v0xGY4g=="
    },
    "node_modules/process-nextick-args": {
      "version": "2.0.1",
      "resolved": "https://registry.npmjs.org/process-nextick-args/-/process-nextick-args-2.0.1.tgz",
      "integrity": "sha512-3ouUOpQhtgrbOa17J7+uxOTpITYWaGP7/AhoR3+A+/1e9skrzelGi/dXzEYyvbxubEF6Wn2ypscTKiKJFFn1ag=="
    },
    "node_modules/readable-stream": {
      "version": "2.3.8",
      "resolved": "https://registry.npmjs.org/readable-stream/-/readable-stream-2.3.8.tgz",
      "integrity": "sha512-8p0AUk4XODgIewSi0l8Epjs+EVnWiK7NoDIEGU0HhE7+ZyY8D1IMY7odu5lRrFXGg71L15KG8QrPmum45RTtdA==",
      "dependencies": {
        "core-util-is": "~1.0.0",
        "inherits": "~2.0.3",
        "isarray": "~1.0.0",
        "process-nextick-args": "~2.0.0",
        "safe-buffer": "~5.1.1",
        "string_decoder": "~1.1.1",
        "util-deprecate": "~1.0.1"
      }
    },
    "node_modules/regexp.prototype.flags": {
      "version": "1.5.2",
      "resolved": "https://registry.npmjs.org/regexp.prototype.flags/-/regexp.prototype.flags-1.5.2.tgz",
      "integrity": "sha512-NcDiDkTLuPR+++OCKB0nWafEmhg/Da8aUPLPMQbK+bxKKCm1/S5he+AqYa4PlMCVBalb4/yxIRub6qkEx5yJbw==",
      "dependencies": {
        "call-bind": "^1.0.6",
        "define-properties": "^1.2.1",
        "es-errors": "^1.3.0",
        "set-function-name": "^2.0.1"
      },
      "engines": {
        "node": ">= 0.4"
      },
      "funding": {
        "url": "https://github.com/sponsors/ljharb"
      }
    },
    "node_modules/safe-buffer": {
      "version": "5.1.2",
      "resolved": "https://registry.npmjs.org/safe-buffer/-/safe-buffer-5.1.2.tgz",
      "integrity": "sha512-Gd2UZBJDkXlY7GbJxfsE8/nvKkUEU1G38c1siN6QP6a9PT9MmHB8GnpscSmMJSoF8LOIrt8ud/wPtojys4G6+g=="
    },
    "node_modules/safer-buffer": {
      "version": "2.1.2",
      "resolved": "https://registry.npmjs.org/safer-buffer/-/safer-buffer-2.1.2.tgz",
      "integrity": "sha512-YZo3K82SD7Riyi0E1EQPojLz7kpepnSQI9IyPbHHg1XXXevb5dJI7tpyN2ADxGcQbHG7vcyRHk0cbwqcQriUtg=="
    },
    "node_modules/sax": {
      "version": "1.3.0",
      "resolved": "https://registry.npmjs.org/sax/-/sax-1.3.0.tgz",
      "integrity": "sha512-0s+oAmw9zLl1V1cS9BtZN7JAd0cW5e0QH4W3LWEK6a4LaLEA2OTpGYWDY+6XasBLtz6wkm3u1xRw95mRuJ59WA=="
    },
    "node_modules/set-function-length": {
      "version": "1.2.2",
      "resolved": "https://registry.npmjs.org/set-function-length/-/set-function-length-1.2.2.tgz",
      "integrity": "sha512-pgRc4hJ4/sNjWCSS9AmnS40x3bNMDTknHgL5UaMBTMyJnU90EgWh1Rz+MC9eFu4BuN/UwZjKQuY/1v3rM7HMfg==",
      "dependencies": {
        "define-data-property": "^1.1.4",
        "es-errors": "^1.3.0",
        "function-bind": "^1.1.2",
        "get-intrinsic": "^1.2.4",
        "gopd": "^1.0.1",
        "has-property-descriptors": "^1.0.2"
      },
      "engines": {
        "node": ">= 0.4"
      }
    },
    "node_modules/set-function-name": {
      "version": "2.0.2",
      "resolved": "https://registry.npmjs.org/set-function-name/-/set-function-name-2.0.2.tgz",
      "integrity": "sha512-7PGFlmtwsEADb0WYyvCMa1t+yke6daIG4Wirafur5kcf+MhUnPms1UeR0CKQdTZD81yESwMHbtn+TR+dMviakQ==",
      "dependencies": {
        "define-data-property": "^1.1.4",
        "es-errors": "^1.3.0",
        "functions-have-names": "^1.2.3",
        "has-property-descriptors": "^1.0.2"
      },
      "engines": {
        "node": ">= 0.4"
      }
    },
    "node_modules/setimmediate": {
      "version": "1.0.5",
      "resolved": "https://registry.npmjs.org/setimmediate/-/setimmediate-1.0.5.tgz",
      "integrity": "sha512-MATJdZp8sLqDl/68LfQmbP8zKPLQNV6BIZoIgrscFDQ+RsvK/BxeDQOgyxKKoh0y/8h3BqVFnCqQ/gd+reiIXA=="
    },
    "node_modules/string_decoder": {
      "version": "1.1.1",
      "resolved": "https://registry.npmjs.org/string_decoder/-/string_decoder-1.1.1.tgz",
      "integrity": "sha512-n/ShnvDi6FHbbVfviro+WojiFzv+s8MPMHBczVePfUpDJLwoLT0ht1l4YwBCbi8pJAveEEdnkHyPyTP/mzRfwg==",
      "dependencies": {
        "safe-buffer": "~5.1.0"
      }
    },
    "node_modules/tiny-inflate": {
      "version": "1.0.3",
      "resolved": "https://registry.npmjs.org/tiny-inflate/-/tiny-inflate-1.0.3.tgz",
      "integrity": "sha512-pkY1fj1cKHb2seWDy0B16HeWyczlJA9/WW3u3c4z/NiWDsO3DOU5D7nhTLE9CF0yXv/QZFY7sEJmj24dK+Rrqw=="
    },
    "node_modules/unicode-properties": {
      "version": "1.4.1",
      "resolved": "https://registry.npmjs.org/unicode-properties/-/unicode-properties-1.4.1.tgz",
      "integrity": "sha512-CLjCCLQ6UuMxWnbIylkisbRj31qxHPAurvena/0iwSVbQ2G1VY5/HjV0IRabOEbDHlzZlRdCrD4NhB0JtU40Pg==",
      "dependencies": {
        "base64-js": "^1.3.0",
        "unicode-trie": "^2.0.0"
      }
    },
    "node_modules/unicode-trie": {
      "version": "2.0.0",
      "resolved": "https://registry.npmjs.org/unicode-trie/-/unicode-trie-2.0.0.tgz",
      "integrity": "sha512-x7bc76x0bm4prf1VLg79uhAzKw8DVboClSN5VxJuQ+LKDOVEW9CdH+VY7SP+vX7xCYQqzzgQpFqz15zeLvAtZQ==",
      "dependencies": {
        "pako": "^0.2.5",
        "tiny-inflate": "^1.0.0"
      }
    },
    "node_modules/unicode-trie/node_modules/pako": {
      "version": "0.2.9",
      "resolved": "https://registry.npmjs.org/pako/-/pako-0.2.9.tgz",
      "integrity": "sha512-NUcwaKxUxWrZLpDG+z/xZaCgQITkA/Dv4V/T6bw7VON6l1Xz/VnrBqrYjZQ12TamKHzITTfOEIYUj48y2KXImA=="
    },
    "node_modules/util-deprecate": {
      "version": "1.0.2",
      "resolved": "https://registry.npmjs.org/util-deprecate/-/util-deprecate-1.0.2.tgz",
      "integrity": "sha512-EPD5q1uXyFxJpCrLnCc1nHnq3gOa6DZBocAIiI2TaSCA7VCJ1UJDMagCzIkXNsUYfD1daK//LTEQ8xiIbrHtcw=="
    },
    "node_modules/xmldoc": {
      "version": "1.3.0",
      "resolved": "https://registry.npmjs.org/xmldoc/-/xmldoc-1.3.0.tgz",
      "integrity": "sha512-y7IRWW6PvEnYQZNZFMRLNJw+p3pezM4nKYPfr15g4OOW9i8VpeydycFuipE2297OvZnh3jSb2pxOt9QpkZUVng==",
      "dependencies": {
        "sax": "^1.2.4"
      }
    }
  }
}
